
Microsoft Visual Studio Solution File, Format Version 12.00
# Visual Studio Version 16
VisualStudioVersion = 16.0.35229.62
MinimumVisualStudioVersion = 10.0.40219.1
Project("{FAE04EC0-301F-11D3-BF4B-00C04F79EFBC}") = "CS_LAB04", "CS_LAB04\CS_LAB04.csproj", "{49BAE9A6-B615-48E7-AE23-DDC8F38D2EFB}"
EndProject
Global
	GlobalSection(SolutionConfigurationPlatforms) = preSolution
		Debug|Any CPU = Debug|Any CPU
		Release|Any CPU = Release|Any CPU
	EndGlobalSection
	GlobalSection(ProjectConfigurationPlatforms) = postSolution
		{49BAE9A6-B615-48E7-AE23-DDC8F38D2EFB}.Debug|Any CPU.ActiveCfg = Debug|Any CPU
		{49BAE9A6-B615-48E7-AE23-DDC8F38D2EFB}.Debug|Any CPU.Build.0 = Debug|Any CPU
		{49BAE9A6-B615-48E7-AE23-DDC8F38D2EFB}.Release|Any CPU.ActiveCfg = Release|Any CPU
		{49BAE9A6-B615-48E7-AE23-DDC8F38D2EFB}.Release|Any CPU.Build.0 = Release|Any CPU
	EndGlobalSection
	GlobalSection(SolutionProperties) = preSolution
		HideSolutionNode = FALSE
	EndGlobalSection
	GlobalSection(ExtensibilityGlobals) = postSolution
		SolutionGuid = {4B97A3AE-102B-44F4-BCD0-5D01DA4E0AAF}
	EndGlobalSection
EndGlobal
