
Microsoft Visual Studio Solution File, Format Version 12.00
# Visual Studio Version 17
VisualStudioVersion = 17.13.35913.81
MinimumVisualStudioVersion = 10.0.40219.1
Project("{FAE04EC0-301F-11D3-BF4B-00C04F79EFBC}") = "sound_pud", "sound_pud.csproj", "{84F5FD5A-03D2-49CE-A623-2559EDE5DE7D}"
EndProject
Global
	GlobalSection(SolutionConfigurationPlatforms) = preSolution
		Debug|Any CPU = Debug|Any CPU
		Release|Any CPU = Release|Any CPU
	EndGlobalSection
	GlobalSection(ProjectConfigurationPlatforms) = postSolution
		{84F5FD5A-03D2-49CE-A623-2559EDE5DE7D}.Debug|Any CPU.ActiveCfg = Debug|Any CPU
		{84F5FD5A-03D2-49CE-A623-2559EDE5DE7D}.Debug|Any CPU.Build.0 = Debug|Any CPU
		{84F5FD5A-03D2-49CE-A623-2559EDE5DE7D}.Release|Any CPU.ActiveCfg = Release|Any CPU
		{84F5FD5A-03D2-49CE-A623-2559EDE5DE7D}.Release|Any CPU.Build.0 = Release|Any CPU
	EndGlobalSection
	GlobalSection(SolutionProperties) = preSolution
		HideSolutionNode = FALSE
	EndGlobalSection
	GlobalSection(ExtensibilityGlobals) = postSolution
		SolutionGuid = {0F8039AD-BB76-4BC2-B355-FF4D200C3E31}
	EndGlobalSection
EndGlobal
