
Microsoft Visual Studio Solution File, Format Version 12.00
# Visual Studio Version 17
VisualStudioVersion = 17.10.35027.167
MinimumVisualStudioVersion = 10.0.40219.1
Project("{FAE04EC0-301F-11D3-BF4B-00C04F79EFBC}") = "CS_LAB04-05", "CS_LAB04-05\CS_LAB04-05.csproj", "{C85062E5-4D00-405D-81A5-722A7CCD5C36}"
EndProject
Global
	GlobalSection(SolutionConfigurationPlatforms) = preSolution
		Debug|Any CPU = Debug|Any CPU
		Release|Any CPU = Release|Any CPU
	EndGlobalSection
	GlobalSection(ProjectConfigurationPlatforms) = postSolution
		{C85062E5-4D00-405D-81A5-722A7CCD5C36}.Debug|Any CPU.ActiveCfg = Debug|Any CPU
		{C85062E5-4D00-405D-81A5-722A7CCD5C36}.Debug|Any CPU.Build.0 = Debug|Any CPU
		{C85062E5-4D00-405D-81A5-722A7CCD5C36}.Release|Any CPU.ActiveCfg = Release|Any CPU
		{C85062E5-4D00-405D-81A5-722A7CCD5C36}.Release|Any CPU.Build.0 = Release|Any CPU
	EndGlobalSection
	GlobalSection(SolutionProperties) = preSolution
		HideSolutionNode = FALSE
	EndGlobalSection
	GlobalSection(ExtensibilityGlobals) = postSolution
		SolutionGuid = {C4202ADD-505C-4014-AF5C-644D77B95F5B}
	EndGlobalSection
EndGlobal
