
Microsoft Visual Studio Solution File, Format Version 12.00
# Visual Studio Version 17
VisualStudioVersion = 17.10.35027.167
MinimumVisualStudioVersion = 10.0.40219.1
Project("{FAE04EC0-301F-11D3-BF4B-00C04F79EFBC}") = "CS_LAB07_01", "CS_LAB07_01\CS_LAB07_01.csproj", "{5A1D25D1-1201-4651-A5A5-60F293B9A559}"
EndProject
Global
	GlobalSection(SolutionConfigurationPlatforms) = preSolution
		Debug|Any CPU = Debug|Any CPU
		Release|Any CPU = Release|Any CPU
	EndGlobalSection
	GlobalSection(ProjectConfigurationPlatforms) = postSolution
		{5A1D25D1-1201-4651-A5A5-60F293B9A559}.Debug|Any CPU.ActiveCfg = Debug|Any CPU
		{5A1D25D1-1201-4651-A5A5-60F293B9A559}.Debug|Any CPU.Build.0 = Debug|Any CPU
		{5A1D25D1-1201-4651-A5A5-60F293B9A559}.Release|Any CPU.ActiveCfg = Release|Any CPU
		{5A1D25D1-1201-4651-A5A5-60F293B9A559}.Release|Any CPU.Build.0 = Release|Any CPU
	EndGlobalSection
	GlobalSection(SolutionProperties) = preSolution
		HideSolutionNode = FALSE
	EndGlobalSection
	GlobalSection(ExtensibilityGlobals) = postSolution
		SolutionGuid = {5E19C16E-7E76-400D-9280-EEC33D391D0A}
	EndGlobalSection
EndGlobal
